
Microsoft Visual Studio Solution File, Format Version 12.00
# Visual Studio Version 17
VisualStudioVersion = 17.0.31903.59
MinimumVisualStudioVersion = 10.0.40219.1
Project("{FAE04EC0-301F-11D3-BF4B-00C04F79EFBC}") = "TidyWindow.App", "TidyWindow.App\TidyWindow.App.csproj", "{30AC28E6-A48A-422B-BB90-23EC2C0E852B}"
EndProject
Project("{FAE04EC0-301F-11D3-BF4B-00C04F79EFBC}") = "TidyWindow.Core", "TidyWindow.Core\TidyWindow.Core.csproj", "{2CF4B015-7C28-40D2-902D-5474E37D9DBA}"
EndProject
Global
	GlobalSection(SolutionConfigurationPlatforms) = preSolution
		Debug|Any CPU = Debug|Any CPU
		Release|Any CPU = Release|Any CPU
	EndGlobalSection
	GlobalSection(SolutionProperties) = preSolution
		HideSolutionNode = FALSE
	EndGlobalSection
	GlobalSection(ProjectConfigurationPlatforms) = postSolution
		{30AC28E6-A48A-422B-BB90-23EC2C0E852B}.Debug|Any CPU.ActiveCfg = Debug|Any CPU
		{30AC28E6-A48A-422B-BB90-23EC2C0E852B}.Debug|Any CPU.Build.0 = Debug|Any CPU
		{30AC28E6-A48A-422B-BB90-23EC2C0E852B}.Release|Any CPU.ActiveCfg = Release|Any CPU
		{30AC28E6-A48A-422B-BB90-23EC2C0E852B}.Release|Any CPU.Build.0 = Release|Any CPU
		{2CF4B015-7C28-40D2-902D-5474E37D9DBA}.Debug|Any CPU.ActiveCfg = Debug|Any CPU
		{2CF4B015-7C28-40D2-902D-5474E37D9DBA}.Debug|Any CPU.Build.0 = Debug|Any CPU
		{2CF4B015-7C28-40D2-902D-5474E37D9DBA}.Release|Any CPU.ActiveCfg = Release|Any CPU
		{2CF4B015-7C28-40D2-902D-5474E37D9DBA}.Release|Any CPU.Build.0 = Release|Any CPU
	EndGlobalSection
EndGlobal
